
Microsoft Visual Studio Solution File, Format Version 12.00
# Visual Studio 15
VisualStudioVersion = 15.0.26430.14
MinimumVisualStudioVersion = 10.0.40219.1
Project("{FAE04EC0-301F-11D3-BF4B-00C04F79EFBC}") = "CrudXamarin.Android", "CrudXamarin\CrudXamarin.Android\CrudXamarin.Android.csproj", "{5CCB70E8-197A-455D-82FD-CCFFAF40837D}"
EndProject
Project("{FAE04EC0-301F-11D3-BF4B-00C04F79EFBC}") = "CrudXamarin", "CrudXamarin\CrudXamarin\CrudXamarin.csproj", "{85B0FA41-B250-43EA-B64F-528EF88B16E6}"
EndProject
Project("{FAE04EC0-301F-11D3-BF4B-00C04F79EFBC}") = "CrudXamarin.iOS", "CrudXamarin\CrudXamarin.iOS\CrudXamarin.iOS.csproj", "{6582E048-AA56-4A72-967F-3AA57098BF60}"
EndProject
Global
	GlobalSection(SolutionConfigurationPlatforms) = preSolution
		Ad-Hoc|Any CPU = Ad-Hoc|Any CPU
		Ad-Hoc|ARM = Ad-Hoc|ARM
		Ad-Hoc|iPhone = Ad-Hoc|iPhone
		Ad-Hoc|iPhoneSimulator = Ad-Hoc|iPhoneSimulator
		Ad-Hoc|x64 = Ad-Hoc|x64
		Ad-Hoc|x86 = Ad-Hoc|x86
		AppStore|Any CPU = AppStore|Any CPU
		AppStore|ARM = AppStore|ARM
		AppStore|iPhone = AppStore|iPhone
		AppStore|iPhoneSimulator = AppStore|iPhoneSimulator
		AppStore|x64 = AppStore|x64
		AppStore|x86 = AppStore|x86
		Debug|Any CPU = Debug|Any CPU
		Debug|ARM = Debug|ARM
		Debug|iPhone = Debug|iPhone
		Debug|iPhoneSimulator = Debug|iPhoneSimulator
		Debug|x64 = Debug|x64
		Debug|x86 = Debug|x86
		Release|Any CPU = Release|Any CPU
		Release|ARM = Release|ARM
		Release|iPhone = Release|iPhone
		Release|iPhoneSimulator = Release|iPhoneSimulator
		Release|x64 = Release|x64
		Release|x86 = Release|x86
	EndGlobalSection
	GlobalSection(ProjectConfigurationPlatforms) = postSolution
		{5CCB70E8-197A-455D-82FD-CCFFAF40837D}.Ad-Hoc|Any CPU.ActiveCfg = Release|Any CPU
		{5CCB70E8-197A-455D-82FD-CCFFAF40837D}.Ad-Hoc|Any CPU.Build.0 = Release|Any CPU
		{5CCB70E8-197A-455D-82FD-CCFFAF40837D}.Ad-Hoc|Any CPU.Deploy.0 = Release|Any CPU
		{5CCB70E8-197A-455D-82FD-CCFFAF40837D}.Ad-Hoc|ARM.ActiveCfg = Release|Any CPU
		{5CCB70E8-197A-455D-82FD-CCFFAF40837D}.Ad-Hoc|ARM.Build.0 = Release|Any CPU
		{5CCB70E8-197A-455D-82FD-CCFFAF40837D}.Ad-Hoc|ARM.Deploy.0 = Release|Any CPU
		{5CCB70E8-197A-455D-82FD-CCFFAF40837D}.Ad-Hoc|iPhone.ActiveCfg = Release|Any CPU
		{5CCB70E8-197A-455D-82FD-CCFFAF40837D}.Ad-Hoc|iPhone.Build.0 = Release|Any CPU
		{5CCB70E8-197A-455D-82FD-CCFFAF40837D}.Ad-Hoc|iPhone.Deploy.0 = Release|Any CPU
		{5CCB70E8-197A-455D-82FD-CCFFAF40837D}.Ad-Hoc|iPhoneSimulator.ActiveCfg = Release|Any CPU
		{5CCB70E8-197A-455D-82FD-CCFFAF40837D}.Ad-Hoc|iPhoneSimulator.Build.0 = Release|Any CPU
		{5CCB70E8-197A-455D-82FD-CCFFAF40837D}.Ad-Hoc|iPhoneSimulator.Deploy.0 = Release|Any CPU
		{5CCB70E8-197A-455D-82FD-CCFFAF40837D}.Ad-Hoc|x64.ActiveCfg = Release|Any CPU
		{5CCB70E8-197A-455D-82FD-CCFFAF40837D}.Ad-Hoc|x64.Build.0 = Release|Any CPU
		{5CCB70E8-197A-455D-82FD-CCFFAF40837D}.Ad-Hoc|x64.Deploy.0 = Release|Any CPU
		{5CCB70E8-197A-455D-82FD-CCFFAF40837D}.Ad-Hoc|x86.ActiveCfg = Release|Any CPU
		{5CCB70E8-197A-455D-82FD-CCFFAF40837D}.Ad-Hoc|x86.Build.0 = Release|Any CPU
		{5CCB70E8-197A-455D-82FD-CCFFAF40837D}.Ad-Hoc|x86.Deploy.0 = Release|Any CPU
		{5CCB70E8-197A-455D-82FD-CCFFAF40837D}.AppStore|Any CPU.ActiveCfg = Release|Any CPU
		{5CCB70E8-197A-455D-82FD-CCFFAF40837D}.AppStore|Any CPU.Build.0 = Release|Any CPU
		{5CCB70E8-197A-455D-82FD-CCFFAF40837D}.AppStore|Any CPU.Deploy.0 = Release|Any CPU
		{5CCB70E8-197A-455D-82FD-CCFFAF40837D}.AppStore|ARM.ActiveCfg = Release|Any CPU
		{5CCB70E8-197A-455D-82FD-CCFFAF40837D}.AppStore|ARM.Build.0 = Release|Any CPU
		{5CCB70E8-197A-455D-82FD-CCFFAF40837D}.AppStore|ARM.Deploy.0 = Release|Any CPU
		{5CCB70E8-197A-455D-82FD-CCFFAF40837D}.AppStore|iPhone.ActiveCfg = Release|Any CPU
		{5CCB70E8-197A-455D-82FD-CCFFAF40837D}.AppStore|iPhone.Build.0 = Release|Any CPU
		{5CCB70E8-197A-455D-82FD-CCFFAF40837D}.AppStore|iPhone.Deploy.0 = Release|Any CPU
		{5CCB70E8-197A-455D-82FD-CCFFAF40837D}.AppStore|iPhoneSimulator.ActiveCfg = Release|Any CPU
		{5CCB70E8-197A-455D-82FD-CCFFAF40837D}.AppStore|iPhoneSimulator.Build.0 = Release|Any CPU
		{5CCB70E8-197A-455D-82FD-CCFFAF40837D}.AppStore|iPhoneSimulator.Deploy.0 = Release|Any CPU
		{5CCB70E8-197A-455D-82FD-CCFFAF40837D}.AppStore|x64.ActiveCfg = Release|Any CPU
		{5CCB70E8-197A-455D-82FD-CCFFAF40837D}.AppStore|x64.Build.0 = Release|Any CPU
		{5CCB70E8-197A-455D-82FD-CCFFAF40837D}.AppStore|x64.Deploy.0 = Release|Any CPU
		{5CCB70E8-197A-455D-82FD-CCFFAF40837D}.AppStore|x86.ActiveCfg = Release|Any CPU
		{5CCB70E8-197A-455D-82FD-CCFFAF40837D}.AppStore|x86.Build.0 = Release|Any CPU
		{5CCB70E8-197A-455D-82FD-CCFFAF40837D}.AppStore|x86.Deploy.0 = Release|Any CPU
		{5CCB70E8-197A-455D-82FD-CCFFAF40837D}.Debug|Any CPU.ActiveCfg = Debug|Any CPU
		{5CCB70E8-197A-455D-82FD-CCFFAF40837D}.Debug|Any CPU.Build.0 = Debug|Any CPU
		{5CCB70E8-197A-455D-82FD-CCFFAF40837D}.Debug|Any CPU.Deploy.0 = Debug|Any CPU
		{5CCB70E8-197A-455D-82FD-CCFFAF40837D}.Debug|ARM.ActiveCfg = Debug|Any CPU
		{5CCB70E8-197A-455D-82FD-CCFFAF40837D}.Debug|ARM.Build.0 = Debug|Any CPU
		{5CCB70E8-197A-455D-82FD-CCFFAF40837D}.Debug|ARM.Deploy.0 = Debug|Any CPU
		{5CCB70E8-197A-455D-82FD-CCFFAF40837D}.Debug|iPhone.ActiveCfg = Debug|Any CPU
		{5CCB70E8-197A-455D-82FD-CCFFAF40837D}.Debug|iPhone.Build.0 = Debug|Any CPU
		{5CCB70E8-197A-455D-82FD-CCFFAF40837D}.Debug|iPhone.Deploy.0 = Debug|Any CPU
		{5CCB70E8-197A-455D-82FD-CCFFAF40837D}.Debug|iPhoneSimulator.ActiveCfg = Debug|Any CPU
		{5CCB70E8-197A-455D-82FD-CCFFAF40837D}.Debug|iPhoneSimulator.Build.0 = Debug|Any CPU
		{5CCB70E8-197A-455D-82FD-CCFFAF40837D}.Debug|iPhoneSimulator.Deploy.0 = Debug|Any CPU
		{5CCB70E8-197A-455D-82FD-CCFFAF40837D}.Debug|x64.ActiveCfg = Debug|Any CPU
		{5CCB70E8-197A-455D-82FD-CCFFAF40837D}.Debug|x64.Build.0 = Debug|Any CPU
		{5CCB70E8-197A-455D-82FD-CCFFAF40837D}.Debug|x64.Deploy.0 = Debug|Any CPU
		{5CCB70E8-197A-455D-82FD-CCFFAF40837D}.Debug|x86.ActiveCfg = Debug|Any CPU
		{5CCB70E8-197A-455D-82FD-CCFFAF40837D}.Debug|x86.Build.0 = Debug|Any CPU
		{5CCB70E8-197A-455D-82FD-CCFFAF40837D}.Debug|x86.Deploy.0 = Debug|Any CPU
		{5CCB70E8-197A-455D-82FD-CCFFAF40837D}.Release|Any CPU.ActiveCfg = Release|Any CPU
		{5CCB70E8-197A-455D-82FD-CCFFAF40837D}.Release|Any CPU.Build.0 = Release|Any CPU
		{5CCB70E8-197A-455D-82FD-CCFFAF40837D}.Release|Any CPU.Deploy.0 = Release|Any CPU
		{5CCB70E8-197A-455D-82FD-CCFFAF40837D}.Release|ARM.ActiveCfg = Release|Any CPU
		{5CCB70E8-197A-455D-82FD-CCFFAF40837D}.Release|ARM.Build.0 = Release|Any CPU
		{5CCB70E8-197A-455D-82FD-CCFFAF40837D}.Release|ARM.Deploy.0 = Release|Any CPU
		{5CCB70E8-197A-455D-82FD-CCFFAF40837D}.Release|iPhone.ActiveCfg = Release|Any CPU
		{5CCB70E8-197A-455D-82FD-CCFFAF40837D}.Release|iPhone.Build.0 = Release|Any CPU
		{5CCB70E8-197A-455D-82FD-CCFFAF40837D}.Release|iPhone.Deploy.0 = Release|Any CPU
		{5CCB70E8-197A-455D-82FD-CCFFAF40837D}.Release|iPhoneSimulator.ActiveCfg = Release|Any CPU
		{5CCB70E8-197A-455D-82FD-CCFFAF40837D}.Release|iPhoneSimulator.Build.0 = Release|Any CPU
		{5CCB70E8-197A-455D-82FD-CCFFAF40837D}.Release|iPhoneSimulator.Deploy.0 = Release|Any CPU
		{5CCB70E8-197A-455D-82FD-CCFFAF40837D}.Release|x64.ActiveCfg = Release|Any CPU
		{5CCB70E8-197A-455D-82FD-CCFFAF40837D}.Release|x64.Build.0 = Release|Any CPU
		{5CCB70E8-197A-455D-82FD-CCFFAF40837D}.Release|x64.Deploy.0 = Release|Any CPU
		{5CCB70E8-197A-455D-82FD-CCFFAF40837D}.Release|x86.ActiveCfg = Release|Any CPU
		{5CCB70E8-197A-455D-82FD-CCFFAF40837D}.Release|x86.Build.0 = Release|Any CPU
		{5CCB70E8-197A-455D-82FD-CCFFAF40837D}.Release|x86.Deploy.0 = Release|Any CPU
		{85B0FA41-B250-43EA-B64F-528EF88B16E6}.Ad-Hoc|Any CPU.ActiveCfg = Release|Any CPU
		{85B0FA41-B250-43EA-B64F-528EF88B16E6}.Ad-Hoc|Any CPU.Build.0 = Release|Any CPU
		{85B0FA41-B250-43EA-B64F-528EF88B16E6}.Ad-Hoc|ARM.ActiveCfg = Release|Any CPU
		{85B0FA41-B250-43EA-B64F-528EF88B16E6}.Ad-Hoc|ARM.Build.0 = Release|Any CPU
		{85B0FA41-B250-43EA-B64F-528EF88B16E6}.Ad-Hoc|iPhone.ActiveCfg = Release|Any CPU
		{85B0FA41-B250-43EA-B64F-528EF88B16E6}.Ad-Hoc|iPhone.Build.0 = Release|Any CPU
		{85B0FA41-B250-43EA-B64F-528EF88B16E6}.Ad-Hoc|iPhoneSimulator.ActiveCfg = Release|Any CPU
		{85B0FA41-B250-43EA-B64F-528EF88B16E6}.Ad-Hoc|iPhoneSimulator.Build.0 = Release|Any CPU
		{85B0FA41-B250-43EA-B64F-528EF88B16E6}.Ad-Hoc|x64.ActiveCfg = Release|Any CPU
		{85B0FA41-B250-43EA-B64F-528EF88B16E6}.Ad-Hoc|x64.Build.0 = Release|Any CPU
		{85B0FA41-B250-43EA-B64F-528EF88B16E6}.Ad-Hoc|x86.ActiveCfg = Release|Any CPU
		{85B0FA41-B250-43EA-B64F-528EF88B16E6}.Ad-Hoc|x86.Build.0 = Release|Any CPU
		{85B0FA41-B250-43EA-B64F-528EF88B16E6}.AppStore|Any CPU.ActiveCfg = Release|Any CPU
		{85B0FA41-B250-43EA-B64F-528EF88B16E6}.AppStore|Any CPU.Build.0 = Release|Any CPU
		{85B0FA41-B250-43EA-B64F-528EF88B16E6}.AppStore|ARM.ActiveCfg = Release|Any CPU
		{85B0FA41-B250-43EA-B64F-528EF88B16E6}.AppStore|ARM.Build.0 = Release|Any CPU
		{85B0FA41-B250-43EA-B64F-528EF88B16E6}.AppStore|iPhone.ActiveCfg = Release|Any CPU
		{85B0FA41-B250-43EA-B64F-528EF88B16E6}.AppStore|iPhone.Build.0 = Release|Any CPU
		{85B0FA41-B250-43EA-B64F-528EF88B16E6}.AppStore|iPhoneSimulator.ActiveCfg = Release|Any CPU
		{85B0FA41-B250-43EA-B64F-528EF88B16E6}.AppStore|iPhoneSimulator.Build.0 = Release|Any CPU
		{85B0FA41-B250-43EA-B64F-528EF88B16E6}.AppStore|x64.ActiveCfg = Release|Any CPU
		{85B0FA41-B250-43EA-B64F-528EF88B16E6}.AppStore|x64.Build.0 = Release|Any CPU
		{85B0FA41-B250-43EA-B64F-528EF88B16E6}.AppStore|x86.ActiveCfg = Release|Any CPU
		{85B0FA41-B250-43EA-B64F-528EF88B16E6}.AppStore|x86.Build.0 = Release|Any CPU
		{85B0FA41-B250-43EA-B64F-528EF88B16E6}.Debug|Any CPU.ActiveCfg = Debug|Any CPU
		{85B0FA41-B250-43EA-B64F-528EF88B16E6}.Debug|Any CPU.Build.0 = Debug|Any CPU
		{85B0FA41-B250-43EA-B64F-528EF88B16E6}.Debug|ARM.ActiveCfg = Debug|Any CPU
		{85B0FA41-B250-43EA-B64F-528EF88B16E6}.Debug|ARM.Build.0 = Debug|Any CPU
		{85B0FA41-B250-43EA-B64F-528EF88B16E6}.Debug|iPhone.ActiveCfg = Debug|Any CPU
		{85B0FA41-B250-43EA-B64F-528EF88B16E6}.Debug|iPhone.Build.0 = Debug|Any CPU
		{85B0FA41-B250-43EA-B64F-528EF88B16E6}.Debug|iPhoneSimulator.ActiveCfg = Debug|Any CPU
		{85B0FA41-B250-43EA-B64F-528EF88B16E6}.Debug|iPhoneSimulator.Build.0 = Debug|Any CPU
		{85B0FA41-B250-43EA-B64F-528EF88B16E6}.Debug|x64.ActiveCfg = Debug|Any CPU
		{85B0FA41-B250-43EA-B64F-528EF88B16E6}.Debug|x64.Build.0 = Debug|Any CPU
		{85B0FA41-B250-43EA-B64F-528EF88B16E6}.Debug|x86.ActiveCfg = Debug|Any CPU
		{85B0FA41-B250-43EA-B64F-528EF88B16E6}.Debug|x86.Build.0 = Debug|Any CPU
		{85B0FA41-B250-43EA-B64F-528EF88B16E6}.Release|Any CPU.ActiveCfg = Release|Any CPU
		{85B0FA41-B250-43EA-B64F-528EF88B16E6}.Release|Any CPU.Build.0 = Release|Any CPU
		{85B0FA41-B250-43EA-B64F-528EF88B16E6}.Release|ARM.ActiveCfg = Release|Any CPU
		{85B0FA41-B250-43EA-B64F-528EF88B16E6}.Release|ARM.Build.0 = Release|Any CPU
		{85B0FA41-B250-43EA-B64F-528EF88B16E6}.Release|iPhone.ActiveCfg = Release|Any CPU
		{85B0FA41-B250-43EA-B64F-528EF88B16E6}.Release|iPhone.Build.0 = Release|Any CPU
		{85B0FA41-B250-43EA-B64F-528EF88B16E6}.Release|iPhoneSimulator.ActiveCfg = Release|Any CPU
		{85B0FA41-B250-43EA-B64F-528EF88B16E6}.Release|iPhoneSimulator.Build.0 = Release|Any CPU
		{85B0FA41-B250-43EA-B64F-528EF88B16E6}.Release|x64.ActiveCfg = Release|Any CPU
		{85B0FA41-B250-43EA-B64F-528EF88B16E6}.Release|x64.Build.0 = Release|Any CPU
		{85B0FA41-B250-43EA-B64F-528EF88B16E6}.Release|x86.ActiveCfg = Release|Any CPU
		{85B0FA41-B250-43EA-B64F-528EF88B16E6}.Release|x86.Build.0 = Release|Any CPU
		{6582E048-AA56-4A72-967F-3AA57098BF60}.Ad-Hoc|Any CPU.ActiveCfg = Ad-Hoc|iPhone
		{6582E048-AA56-4A72-967F-3AA57098BF60}.Ad-Hoc|ARM.ActiveCfg = Ad-Hoc|iPhone
		{6582E048-AA56-4A72-967F-3AA57098BF60}.Ad-Hoc|iPhone.ActiveCfg = Ad-Hoc|iPhone
		{6582E048-AA56-4A72-967F-3AA57098BF60}.Ad-Hoc|iPhone.Build.0 = Ad-Hoc|iPhone
		{6582E048-AA56-4A72-967F-3AA57098BF60}.Ad-Hoc|iPhoneSimulator.ActiveCfg = Ad-Hoc|iPhoneSimulator
		{6582E048-AA56-4A72-967F-3AA57098BF60}.Ad-Hoc|iPhoneSimulator.Build.0 = Ad-Hoc|iPhoneSimulator
		{6582E048-AA56-4A72-967F-3AA57098BF60}.Ad-Hoc|x64.ActiveCfg = Ad-Hoc|iPhone
		{6582E048-AA56-4A72-967F-3AA57098BF60}.Ad-Hoc|x86.ActiveCfg = Ad-Hoc|iPhone
		{6582E048-AA56-4A72-967F-3AA57098BF60}.AppStore|Any CPU.ActiveCfg = AppStore|iPhone
		{6582E048-AA56-4A72-967F-3AA57098BF60}.AppStore|ARM.ActiveCfg = AppStore|iPhone
		{6582E048-AA56-4A72-967F-3AA57098BF60}.AppStore|iPhone.ActiveCfg = AppStore|iPhone
		{6582E048-AA56-4A72-967F-3AA57098BF60}.AppStore|iPhone.Build.0 = AppStore|iPhone
		{6582E048-AA56-4A72-967F-3AA57098BF60}.AppStore|iPhoneSimulator.ActiveCfg = AppStore|iPhoneSimulator
		{6582E048-AA56-4A72-967F-3AA57098BF60}.AppStore|iPhoneSimulator.Build.0 = AppStore|iPhoneSimulator
		{6582E048-AA56-4A72-967F-3AA57098BF60}.AppStore|x64.ActiveCfg = AppStore|iPhone
		{6582E048-AA56-4A72-967F-3AA57098BF60}.AppStore|x86.ActiveCfg = AppStore|iPhone
		{6582E048-AA56-4A72-967F-3AA57098BF60}.Debug|Any CPU.ActiveCfg = Debug|iPhone
		{6582E048-AA56-4A72-967F-3AA57098BF60}.Debug|ARM.ActiveCfg = Debug|iPhone
		{6582E048-AA56-4A72-967F-3AA57098BF60}.Debug|iPhone.ActiveCfg = Debug|iPhone
		{6582E048-AA56-4A72-967F-3AA57098BF60}.Debug|iPhone.Build.0 = Debug|iPhone
		{6582E048-AA56-4A72-967F-3AA57098BF60}.Debug|iPhoneSimulator.ActiveCfg = Debug|iPhoneSimulator
		{6582E048-AA56-4A72-967F-3AA57098BF60}.Debug|iPhoneSimulator.Build.0 = Debug|iPhoneSimulator
		{6582E048-AA56-4A72-967F-3AA57098BF60}.Debug|x64.ActiveCfg = Debug|iPhone
		{6582E048-AA56-4A72-967F-3AA57098BF60}.Debug|x86.ActiveCfg = Debug|iPhone
		{6582E048-AA56-4A72-967F-3AA57098BF60}.Release|Any CPU.ActiveCfg = Release|iPhone
		{6582E048-AA56-4A72-967F-3AA57098BF60}.Release|ARM.ActiveCfg = Release|iPhone
		{6582E048-AA56-4A72-967F-3AA57098BF60}.Release|iPhone.ActiveCfg = Release|iPhone
		{6582E048-AA56-4A72-967F-3AA57098BF60}.Release|iPhone.Build.0 = Release|iPhone
		{6582E048-AA56-4A72-967F-3AA57098BF60}.Release|iPhoneSimulator.ActiveCfg = Release|iPhoneSimulator
		{6582E048-AA56-4A72-967F-3AA57098BF60}.Release|iPhoneSimulator.Build.0 = Release|iPhoneSimulator
		{6582E048-AA56-4A72-967F-3AA57098BF60}.Release|x64.ActiveCfg = Release|iPhone
		{6582E048-AA56-4A72-967F-3AA57098BF60}.Release|x86.ActiveCfg = Release|iPhone
	EndGlobalSection
	GlobalSection(SolutionProperties) = preSolution
		HideSolutionNode = FALSE
	EndGlobalSection
EndGlobal
